
Microsoft Visual Studio Solution File, Format Version 12.00
# Visual Studio Version 17
VisualStudioVersion = 17.3.32929.385
MinimumVisualStudioVersion = 10.0.40219.1
Project("{FAE04EC0-301F-11D3-BF4B-00C04F79EFBC}") = "WebApiFinalPonceJuanManuel", "WebApiFinalPonceJuanManuel\WebApiFinalPonceJuanManuel.csproj", "{6F54B33C-D060-4C3E-BFFE-720DD323231B}"
EndProject
Global
	GlobalSection(SolutionConfigurationPlatforms) = preSolution
		Debug|Any CPU = Debug|Any CPU
		Release|Any CPU = Release|Any CPU
	EndGlobalSection
	GlobalSection(ProjectConfigurationPlatforms) = postSolution
		{6F54B33C-D060-4C3E-BFFE-720DD323231B}.Debug|Any CPU.ActiveCfg = Debug|Any CPU
		{6F54B33C-D060-4C3E-BFFE-720DD323231B}.Debug|Any CPU.Build.0 = Debug|Any CPU
		{6F54B33C-D060-4C3E-BFFE-720DD323231B}.Release|Any CPU.ActiveCfg = Release|Any CPU
		{6F54B33C-D060-4C3E-BFFE-720DD323231B}.Release|Any CPU.Build.0 = Release|Any CPU
	EndGlobalSection
	GlobalSection(SolutionProperties) = preSolution
		HideSolutionNode = FALSE
	EndGlobalSection
	GlobalSection(ExtensibilityGlobals) = postSolution
		SolutionGuid = {42AD347B-5518-44AC-BB00-5249438D36EE}
	EndGlobalSection
EndGlobal
